
Microsoft Visual Studio Solution File, Format Version 12.00
# Visual Studio Version 17
VisualStudioVersion = 17.8.34309.116
MinimumVisualStudioVersion = 10.0.40219.1
Project("{9A19103F-16F7-4668-BE54-9A1E7A4F7556}") = "DevIO.Business", "src\DevIO.Business\DevIO.Business.csproj", "{CE3748C4-2D1A-4CF5-B960-802121901C0C}"
EndProject
Project("{9A19103F-16F7-4668-BE54-9A1E7A4F7556}") = "DevIO.Data", "src\DevIO.Data\DevIO.Data.csproj", "{67D5DCAE-2513-4ECC-B320-D14159E7701B}"
EndProject
Project("{FAE04EC0-301F-11D3-BF4B-00C04F79EFBC}") = "DevIO.Api", "src\DevIO.Api\DevIO.Api.csproj", "{522FD668-F356-43C1-B32C-AD1DF9513A45}"
EndProject
Global
	GlobalSection(SolutionConfigurationPlatforms) = preSolution
		Debug|Any CPU = Debug|Any CPU
		Release|Any CPU = Release|Any CPU
	EndGlobalSection
	GlobalSection(ProjectConfigurationPlatforms) = postSolution
		{CE3748C4-2D1A-4CF5-B960-802121901C0C}.Debug|Any CPU.ActiveCfg = Debug|Any CPU
		{CE3748C4-2D1A-4CF5-B960-802121901C0C}.Debug|Any CPU.Build.0 = Debug|Any CPU
		{CE3748C4-2D1A-4CF5-B960-802121901C0C}.Release|Any CPU.ActiveCfg = Release|Any CPU
		{CE3748C4-2D1A-4CF5-B960-802121901C0C}.Release|Any CPU.Build.0 = Release|Any CPU
		{67D5DCAE-2513-4ECC-B320-D14159E7701B}.Debug|Any CPU.ActiveCfg = Debug|Any CPU
		{67D5DCAE-2513-4ECC-B320-D14159E7701B}.Debug|Any CPU.Build.0 = Debug|Any CPU
		{67D5DCAE-2513-4ECC-B320-D14159E7701B}.Release|Any CPU.ActiveCfg = Release|Any CPU
		{67D5DCAE-2513-4ECC-B320-D14159E7701B}.Release|Any CPU.Build.0 = Release|Any CPU
		{522FD668-F356-43C1-B32C-AD1DF9513A45}.Debug|Any CPU.ActiveCfg = Debug|Any CPU
		{522FD668-F356-43C1-B32C-AD1DF9513A45}.Debug|Any CPU.Build.0 = Debug|Any CPU
		{522FD668-F356-43C1-B32C-AD1DF9513A45}.Release|Any CPU.ActiveCfg = Release|Any CPU
		{522FD668-F356-43C1-B32C-AD1DF9513A45}.Release|Any CPU.Build.0 = Release|Any CPU
	EndGlobalSection
	GlobalSection(SolutionProperties) = preSolution
		HideSolutionNode = FALSE
	EndGlobalSection
	GlobalSection(ExtensibilityGlobals) = postSolution
		SolutionGuid = {83D99DA3-FF06-46E6-8F0A-74C24846D3D7}
	EndGlobalSection
EndGlobal
