
Microsoft Visual Studio Solution File, Format Version 12.00
# Visual Studio Version 17
VisualStudioVersion = 17.0.32126.317
MinimumVisualStudioVersion = 10.0.40219.1
Project("{9A19103F-16F7-4668-BE54-9A1E7A4F7556}") = "DevIO.Business", "src\DevIO.Business\DevIO.Business.csproj", "{D8C65A8E-470C-4AD4-B433-2C2048D1FB10}"
EndProject
Project("{9A19103F-16F7-4668-BE54-9A1E7A4F7556}") = "DevIO.Data", "src\DevIO.Data\DevIO.Data.csproj", "{B3745AFC-2B30-45B5-9517-E72E73EBBD94}"
EndProject
Project("{FAE04EC0-301F-11D3-BF4B-00C04F79EFBC}") = "DevIO.Api", "src\DevIO.Api\DevIO.Api.csproj", "{14557DE7-5260-4AC1-88DD-32DA44DC2D10}"
EndProject
Project("{2150E333-8FDC-42A3-9474-1A3956D46DE8}") = "Solution Items", "Solution Items", "{3BCEDE56-871A-4F07-9B91-85E58B936A9A}"
	ProjectSection(SolutionItems) = preProject
		.editorconfig = .editorconfig
	EndProjectSection
EndProject
Global
	GlobalSection(SolutionConfigurationPlatforms) = preSolution
		Debug|Any CPU = Debug|Any CPU
		Release|Any CPU = Release|Any CPU
	EndGlobalSection
	GlobalSection(ProjectConfigurationPlatforms) = postSolution
		{D8C65A8E-470C-4AD4-B433-2C2048D1FB10}.Debug|Any CPU.ActiveCfg = Debug|Any CPU
		{D8C65A8E-470C-4AD4-B433-2C2048D1FB10}.Debug|Any CPU.Build.0 = Debug|Any CPU
		{D8C65A8E-470C-4AD4-B433-2C2048D1FB10}.Release|Any CPU.ActiveCfg = Release|Any CPU
		{D8C65A8E-470C-4AD4-B433-2C2048D1FB10}.Release|Any CPU.Build.0 = Release|Any CPU
		{B3745AFC-2B30-45B5-9517-E72E73EBBD94}.Debug|Any CPU.ActiveCfg = Debug|Any CPU
		{B3745AFC-2B30-45B5-9517-E72E73EBBD94}.Debug|Any CPU.Build.0 = Debug|Any CPU
		{B3745AFC-2B30-45B5-9517-E72E73EBBD94}.Release|Any CPU.ActiveCfg = Release|Any CPU
		{B3745AFC-2B30-45B5-9517-E72E73EBBD94}.Release|Any CPU.Build.0 = Release|Any CPU
		{14557DE7-5260-4AC1-88DD-32DA44DC2D10}.Debug|Any CPU.ActiveCfg = Debug|Any CPU
		{14557DE7-5260-4AC1-88DD-32DA44DC2D10}.Debug|Any CPU.Build.0 = Debug|Any CPU
		{14557DE7-5260-4AC1-88DD-32DA44DC2D10}.Release|Any CPU.ActiveCfg = Release|Any CPU
		{14557DE7-5260-4AC1-88DD-32DA44DC2D10}.Release|Any CPU.Build.0 = Release|Any CPU
	EndGlobalSection
	GlobalSection(SolutionProperties) = preSolution
		HideSolutionNode = FALSE
	EndGlobalSection
	GlobalSection(ExtensibilityGlobals) = postSolution
		SolutionGuid = {7AA877A0-BAF7-48BC-A9A0-9303739728B8}
	EndGlobalSection
EndGlobal
